
Microsoft Visual Studio Solution File, Format Version 12.00
# Visual Studio 15
VisualStudioVersion = 15.0.28307.852
MinimumVisualStudioVersion = 10.0.40219.1
Project("{FAE04EC0-301F-11D3-BF4B-00C04F79EFBC}") = "Idades", "Idades\Idades.csproj", "{F8ECCFC1-CC5C-4BF7-A5F5-A640295CF2D4}"
EndProject
Global
	GlobalSection(SolutionConfigurationPlatforms) = preSolution
		Debug|Any CPU = Debug|Any CPU
		Release|Any CPU = Release|Any CPU
	EndGlobalSection
	GlobalSection(ProjectConfigurationPlatforms) = postSolution
		{F8ECCFC1-CC5C-4BF7-A5F5-A640295CF2D4}.Debug|Any CPU.ActiveCfg = Debug|Any CPU
		{F8ECCFC1-CC5C-4BF7-A5F5-A640295CF2D4}.Debug|Any CPU.Build.0 = Debug|Any CPU
		{F8ECCFC1-CC5C-4BF7-A5F5-A640295CF2D4}.Release|Any CPU.ActiveCfg = Release|Any CPU
		{F8ECCFC1-CC5C-4BF7-A5F5-A640295CF2D4}.Release|Any CPU.Build.0 = Release|Any CPU
	EndGlobalSection
	GlobalSection(SolutionProperties) = preSolution
		HideSolutionNode = FALSE
	EndGlobalSection
	GlobalSection(ExtensibilityGlobals) = postSolution
		SolutionGuid = {91C2D4A8-6265-4560-AD5B-A1987062BC86}
	EndGlobalSection
EndGlobal
