
Microsoft Visual Studio Solution File, Format Version 12.00
# Visual Studio 15
VisualStudioVersion = 15.0.28307.852
MinimumVisualStudioVersion = 10.0.40219.1
Project("{FAE04EC0-301F-11D3-BF4B-00C04F79EFBC}") = "SomarValores2", "SomarValores2\SomarValores2.csproj", "{3FBAF89F-0BFB-4459-B70E-BBE85C59B718}"
EndProject
Global
	GlobalSection(SolutionConfigurationPlatforms) = preSolution
		Debug|Any CPU = Debug|Any CPU
		Release|Any CPU = Release|Any CPU
	EndGlobalSection
	GlobalSection(ProjectConfigurationPlatforms) = postSolution
		{3FBAF89F-0BFB-4459-B70E-BBE85C59B718}.Debug|Any CPU.ActiveCfg = Debug|Any CPU
		{3FBAF89F-0BFB-4459-B70E-BBE85C59B718}.Debug|Any CPU.Build.0 = Debug|Any CPU
		{3FBAF89F-0BFB-4459-B70E-BBE85C59B718}.Release|Any CPU.ActiveCfg = Release|Any CPU
		{3FBAF89F-0BFB-4459-B70E-BBE85C59B718}.Release|Any CPU.Build.0 = Release|Any CPU
	EndGlobalSection
	GlobalSection(SolutionProperties) = preSolution
		HideSolutionNode = FALSE
	EndGlobalSection
	GlobalSection(ExtensibilityGlobals) = postSolution
		SolutionGuid = {98022E9E-E5F5-42D1-AA7B-9FD810148AE7}
	EndGlobalSection
EndGlobal
