
Microsoft Visual Studio Solution File, Format Version 12.00
# Visual Studio 15
VisualStudioVersion = 15.0.28307.852
MinimumVisualStudioVersion = 10.0.40219.1
Project("{FAE04EC0-301F-11D3-BF4B-00C04F79EFBC}") = "Tabuadas", "Tabuadas\Tabuadas.csproj", "{A3251D9A-BC84-4072-B760-B7F22E5880E2}"
EndProject
Global
	GlobalSection(SolutionConfigurationPlatforms) = preSolution
		Debug|Any CPU = Debug|Any CPU
		Release|Any CPU = Release|Any CPU
	EndGlobalSection
	GlobalSection(ProjectConfigurationPlatforms) = postSolution
		{A3251D9A-BC84-4072-B760-B7F22E5880E2}.Debug|Any CPU.ActiveCfg = Debug|Any CPU
		{A3251D9A-BC84-4072-B760-B7F22E5880E2}.Debug|Any CPU.Build.0 = Debug|Any CPU
		{A3251D9A-BC84-4072-B760-B7F22E5880E2}.Release|Any CPU.ActiveCfg = Release|Any CPU
		{A3251D9A-BC84-4072-B760-B7F22E5880E2}.Release|Any CPU.Build.0 = Release|Any CPU
	EndGlobalSection
	GlobalSection(SolutionProperties) = preSolution
		HideSolutionNode = FALSE
	EndGlobalSection
	GlobalSection(ExtensibilityGlobals) = postSolution
		SolutionGuid = {C709EF8A-A409-4681-A5B8-C3EE457647FF}
	EndGlobalSection
EndGlobal
